
Microsoft Visual Studio Solution File, Format Version 12.00
# Visual Studio 15
VisualStudioVersion = 15.0.28307.960
MinimumVisualStudioVersion = 10.0.40219.1
Project("{FAE04EC0-301F-11D3-BF4B-00C04F79EFBC}") = "UsAcRe", "UsAcRe\UsAcRe.csproj", "{3DFBCCAC-5B3A-46CB-95B5-1685B4AA03C3}"
EndProject
Project("{FAE04EC0-301F-11D3-BF4B-00C04F79EFBC}") = "UsAcRe.Tests", "UsAcRe.Tests\UsAcRe.Tests.csproj", "{CDD5CBF2-18C6-4C15-8AB5-1F4AD4BC69BB}"
EndProject
Global
	GlobalSection(SolutionConfigurationPlatforms) = preSolution
		Debug|Any CPU = Debug|Any CPU
		Release|Any CPU = Release|Any CPU
	EndGlobalSection
	GlobalSection(ProjectConfigurationPlatforms) = postSolution
		{3DFBCCAC-5B3A-46CB-95B5-1685B4AA03C3}.Debug|Any CPU.ActiveCfg = Debug|Any CPU
		{3DFBCCAC-5B3A-46CB-95B5-1685B4AA03C3}.Debug|Any CPU.Build.0 = Debug|Any CPU
		{3DFBCCAC-5B3A-46CB-95B5-1685B4AA03C3}.Release|Any CPU.ActiveCfg = Release|Any CPU
		{3DFBCCAC-5B3A-46CB-95B5-1685B4AA03C3}.Release|Any CPU.Build.0 = Release|Any CPU
		{CDD5CBF2-18C6-4C15-8AB5-1F4AD4BC69BB}.Debug|Any CPU.ActiveCfg = Debug|Any CPU
		{CDD5CBF2-18C6-4C15-8AB5-1F4AD4BC69BB}.Debug|Any CPU.Build.0 = Debug|Any CPU
		{CDD5CBF2-18C6-4C15-8AB5-1F4AD4BC69BB}.Release|Any CPU.ActiveCfg = Release|Any CPU
		{CDD5CBF2-18C6-4C15-8AB5-1F4AD4BC69BB}.Release|Any CPU.Build.0 = Release|Any CPU
	EndGlobalSection
	GlobalSection(SolutionProperties) = preSolution
		HideSolutionNode = FALSE
	EndGlobalSection
	GlobalSection(ExtensibilityGlobals) = postSolution
		SolutionGuid = {5AEA1762-26D5-409F-8298-EB4C78FACCA6}
	EndGlobalSection
EndGlobal
