
Microsoft Visual Studio Solution File, Format Version 12.00
# Visual Studio Version 16
VisualStudioVersion = 16.0.30517.126
MinimumVisualStudioVersion = 10.0.40219.1
Project("{FAE04EC0-301F-11D3-BF4B-00C04F79EFBC}") = "UsAcRe", "UsAcRe\UsAcRe.csproj", "{3DFBCCAC-5B3A-46CB-95B5-1685B4AA03C3}"
EndProject
Project("{FAE04EC0-301F-11D3-BF4B-00C04F79EFBC}") = "UsAcRe.Tests", "UsAcRe.Tests\UsAcRe.Tests.csproj", "{CDD5CBF2-18C6-4C15-8AB5-1F4AD4BC69BB}"
EndProject
Project("{FAE04EC0-301F-11D3-BF4B-00C04F79EFBC}") = "UsAcRe.Core", "UsAcRe.Core\UsAcRe.Core.csproj", "{397F80C0-E494-44AD-9996-D3B248DC41DE}"
EndProject
Project("{FAE04EC0-301F-11D3-BF4B-00C04F79EFBC}") = "UsAcRe.Core.Tests", "UsAcRe.Core.Tests\UsAcRe.Core.Tests.csproj", "{2EBC8EF3-82CF-4B51-949F-E10D70761210}"
EndProject
Project("{FAE04EC0-301F-11D3-BF4B-00C04F79EFBC}") = "UsAcRe.Recorder", "UsAcRe.Recorder\UsAcRe.Recorder.csproj", "{B866346F-5AAD-44F2-B8CE-FFF948420D58}"
EndProject
Project("{FAE04EC0-301F-11D3-BF4B-00C04F79EFBC}") = "UsAcRe.Recorder.Tests", "UsAcRe.Recorder.Tests\UsAcRe.Recorder.Tests.csproj", "{C78C1017-BA18-418A-B330-8EB3E58604B1}"
EndProject
Project("{FAE04EC0-301F-11D3-BF4B-00C04F79EFBC}") = "UsAcRe.Player", "UsAcRe.Player\UsAcRe.Player.csproj", "{FFBBBC59-D383-4299-961A-C86E63C189A5}"
EndProject
Project("{FAE04EC0-301F-11D3-BF4B-00C04F79EFBC}") = "UsAcRe.Player.Tests", "UsAcRe.Player.Tests\UsAcRe.Player.Tests.csproj", "{CC816B3A-BE2C-42D5-8D22-CF5075D007B5}"
EndProject
Project("{FAE04EC0-301F-11D3-BF4B-00C04F79EFBC}") = "UsAcRe.Recorder.UI", "UsAcRe.Recorder.UI\UsAcRe.Recorder.UI.csproj", "{759F5619-9AB4-4344-BC4D-C95461139825}"
EndProject
Project("{2150E333-8FDC-42A3-9474-1A3956D46DE8}") = "Tests", "Tests", "{3A1DDD3F-11CC-470A-BD2B-D9854D300681}"
EndProject
Project("{FAE04EC0-301F-11D3-BF4B-00C04F79EFBC}") = "UsAcRe.Core.UI", "UsAcRe.Core.UI\UsAcRe.Core.UI.csproj", "{07E1B9CB-7400-4CDB-B286-466BF400F370}"
EndProject
Global
	GlobalSection(SolutionConfigurationPlatforms) = preSolution
		Debug|Any CPU = Debug|Any CPU
		Release|Any CPU = Release|Any CPU
	EndGlobalSection
	GlobalSection(ProjectConfigurationPlatforms) = postSolution
		{3DFBCCAC-5B3A-46CB-95B5-1685B4AA03C3}.Debug|Any CPU.ActiveCfg = Debug|Any CPU
		{3DFBCCAC-5B3A-46CB-95B5-1685B4AA03C3}.Debug|Any CPU.Build.0 = Debug|Any CPU
		{3DFBCCAC-5B3A-46CB-95B5-1685B4AA03C3}.Release|Any CPU.ActiveCfg = Release|Any CPU
		{3DFBCCAC-5B3A-46CB-95B5-1685B4AA03C3}.Release|Any CPU.Build.0 = Release|Any CPU
		{CDD5CBF2-18C6-4C15-8AB5-1F4AD4BC69BB}.Debug|Any CPU.ActiveCfg = Debug|Any CPU
		{CDD5CBF2-18C6-4C15-8AB5-1F4AD4BC69BB}.Debug|Any CPU.Build.0 = Debug|Any CPU
		{CDD5CBF2-18C6-4C15-8AB5-1F4AD4BC69BB}.Release|Any CPU.ActiveCfg = Release|Any CPU
		{CDD5CBF2-18C6-4C15-8AB5-1F4AD4BC69BB}.Release|Any CPU.Build.0 = Release|Any CPU
		{397F80C0-E494-44AD-9996-D3B248DC41DE}.Debug|Any CPU.ActiveCfg = Debug|Any CPU
		{397F80C0-E494-44AD-9996-D3B248DC41DE}.Debug|Any CPU.Build.0 = Debug|Any CPU
		{397F80C0-E494-44AD-9996-D3B248DC41DE}.Release|Any CPU.ActiveCfg = Release|Any CPU
		{397F80C0-E494-44AD-9996-D3B248DC41DE}.Release|Any CPU.Build.0 = Release|Any CPU
		{2EBC8EF3-82CF-4B51-949F-E10D70761210}.Debug|Any CPU.ActiveCfg = Debug|Any CPU
		{2EBC8EF3-82CF-4B51-949F-E10D70761210}.Debug|Any CPU.Build.0 = Debug|Any CPU
		{2EBC8EF3-82CF-4B51-949F-E10D70761210}.Release|Any CPU.ActiveCfg = Release|Any CPU
		{2EBC8EF3-82CF-4B51-949F-E10D70761210}.Release|Any CPU.Build.0 = Release|Any CPU
		{B866346F-5AAD-44F2-B8CE-FFF948420D58}.Debug|Any CPU.ActiveCfg = Debug|Any CPU
		{B866346F-5AAD-44F2-B8CE-FFF948420D58}.Debug|Any CPU.Build.0 = Debug|Any CPU
		{B866346F-5AAD-44F2-B8CE-FFF948420D58}.Release|Any CPU.ActiveCfg = Release|Any CPU
		{B866346F-5AAD-44F2-B8CE-FFF948420D58}.Release|Any CPU.Build.0 = Release|Any CPU
		{C78C1017-BA18-418A-B330-8EB3E58604B1}.Debug|Any CPU.ActiveCfg = Debug|Any CPU
		{C78C1017-BA18-418A-B330-8EB3E58604B1}.Debug|Any CPU.Build.0 = Debug|Any CPU
		{C78C1017-BA18-418A-B330-8EB3E58604B1}.Release|Any CPU.ActiveCfg = Release|Any CPU
		{C78C1017-BA18-418A-B330-8EB3E58604B1}.Release|Any CPU.Build.0 = Release|Any CPU
		{FFBBBC59-D383-4299-961A-C86E63C189A5}.Debug|Any CPU.ActiveCfg = Debug|Any CPU
		{FFBBBC59-D383-4299-961A-C86E63C189A5}.Debug|Any CPU.Build.0 = Debug|Any CPU
		{FFBBBC59-D383-4299-961A-C86E63C189A5}.Release|Any CPU.ActiveCfg = Release|Any CPU
		{FFBBBC59-D383-4299-961A-C86E63C189A5}.Release|Any CPU.Build.0 = Release|Any CPU
		{CC816B3A-BE2C-42D5-8D22-CF5075D007B5}.Debug|Any CPU.ActiveCfg = Debug|Any CPU
		{CC816B3A-BE2C-42D5-8D22-CF5075D007B5}.Debug|Any CPU.Build.0 = Debug|Any CPU
		{CC816B3A-BE2C-42D5-8D22-CF5075D007B5}.Release|Any CPU.ActiveCfg = Release|Any CPU
		{CC816B3A-BE2C-42D5-8D22-CF5075D007B5}.Release|Any CPU.Build.0 = Release|Any CPU
		{759F5619-9AB4-4344-BC4D-C95461139825}.Debug|Any CPU.ActiveCfg = Debug|Any CPU
		{759F5619-9AB4-4344-BC4D-C95461139825}.Debug|Any CPU.Build.0 = Debug|Any CPU
		{759F5619-9AB4-4344-BC4D-C95461139825}.Release|Any CPU.ActiveCfg = Release|Any CPU
		{759F5619-9AB4-4344-BC4D-C95461139825}.Release|Any CPU.Build.0 = Release|Any CPU
		{07E1B9CB-7400-4CDB-B286-466BF400F370}.Debug|Any CPU.ActiveCfg = Debug|Any CPU
		{07E1B9CB-7400-4CDB-B286-466BF400F370}.Debug|Any CPU.Build.0 = Debug|Any CPU
		{07E1B9CB-7400-4CDB-B286-466BF400F370}.Release|Any CPU.ActiveCfg = Release|Any CPU
		{07E1B9CB-7400-4CDB-B286-466BF400F370}.Release|Any CPU.Build.0 = Release|Any CPU
	EndGlobalSection
	GlobalSection(SolutionProperties) = preSolution
		HideSolutionNode = FALSE
	EndGlobalSection
	GlobalSection(NestedProjects) = preSolution
		{CDD5CBF2-18C6-4C15-8AB5-1F4AD4BC69BB} = {3A1DDD3F-11CC-470A-BD2B-D9854D300681}
		{2EBC8EF3-82CF-4B51-949F-E10D70761210} = {3A1DDD3F-11CC-470A-BD2B-D9854D300681}
		{C78C1017-BA18-418A-B330-8EB3E58604B1} = {3A1DDD3F-11CC-470A-BD2B-D9854D300681}
		{CC816B3A-BE2C-42D5-8D22-CF5075D007B5} = {3A1DDD3F-11CC-470A-BD2B-D9854D300681}
	EndGlobalSection
	GlobalSection(ExtensibilityGlobals) = postSolution
		SolutionGuid = {5AEA1762-26D5-409F-8298-EB4C78FACCA6}
	EndGlobalSection
EndGlobal
